
Microsoft Visual Studio Solution File, Format Version 12.00
# Visual Studio Version 17
VisualStudioVersion = 17.5.33424.131
MinimumVisualStudioVersion = 10.0.40219.1
Project("{2150E333-8FDC-42A3-9474-1A3956D46DE8}") = "src", "src", "{6A01A84B-8DB4-4E68-9EA6-B2CF4424FF54}"
EndProject
Project("{2150E333-8FDC-42A3-9474-1A3956D46DE8}") = "Presentation", "Presentation", "{CC5980E1-0A62-4B1C-9336-5A722DE8C05E}"
EndProject
Project("{2150E333-8FDC-42A3-9474-1A3956D46DE8}") = "Infrastructure", "Infrastructure", "{AF9BE706-6292-4090-9869-EB9FD5E0A666}"
EndProject
Project("{2150E333-8FDC-42A3-9474-1A3956D46DE8}") = "Core", "Core", "{75AD5C46-D040-4D0B-B477-D09B32A7419A}"
EndProject
Project("{FAE04EC0-301F-11D3-BF4B-00C04F79EFBC}") = "Application", "Application\Application.csproj", "{6133E662-6EE7-447F-90C7-C3A25BFBCA28}"
EndProject
Project("{FAE04EC0-301F-11D3-BF4B-00C04F79EFBC}") = "Domain", "Domain\Domain.csproj", "{B5CB41CA-AFE0-43B7-8B82-D2CBDE734D4B}"
EndProject
Project("{FAE04EC0-301F-11D3-BF4B-00C04F79EFBC}") = "Persistence", "Persistence\Persistence.csproj", "{A5D6FB63-1556-400D-A5DD-7D26E1A81FE6}"
EndProject
Project("{FAE04EC0-301F-11D3-BF4B-00C04F79EFBC}") = "Shared", "Shared\Shared.csproj", "{E8E61E7D-644C-4DCC-B79A-70ABE6F16DCA}"
EndProject
Project("{FAE04EC0-301F-11D3-BF4B-00C04F79EFBC}") = "WebAPI", "WebAPI\WebAPI.csproj", "{18F4232A-44A6-4CB2-A8F2-B85FFCA520F8}"
EndProject
Global
	GlobalSection(SolutionConfigurationPlatforms) = preSolution
		Debug|Any CPU = Debug|Any CPU
		Release|Any CPU = Release|Any CPU
	EndGlobalSection
	GlobalSection(ProjectConfigurationPlatforms) = postSolution
		{6133E662-6EE7-447F-90C7-C3A25BFBCA28}.Debug|Any CPU.ActiveCfg = Debug|Any CPU
		{6133E662-6EE7-447F-90C7-C3A25BFBCA28}.Debug|Any CPU.Build.0 = Debug|Any CPU
		{6133E662-6EE7-447F-90C7-C3A25BFBCA28}.Release|Any CPU.ActiveCfg = Release|Any CPU
		{6133E662-6EE7-447F-90C7-C3A25BFBCA28}.Release|Any CPU.Build.0 = Release|Any CPU
		{B5CB41CA-AFE0-43B7-8B82-D2CBDE734D4B}.Debug|Any CPU.ActiveCfg = Debug|Any CPU
		{B5CB41CA-AFE0-43B7-8B82-D2CBDE734D4B}.Debug|Any CPU.Build.0 = Debug|Any CPU
		{B5CB41CA-AFE0-43B7-8B82-D2CBDE734D4B}.Release|Any CPU.ActiveCfg = Release|Any CPU
		{B5CB41CA-AFE0-43B7-8B82-D2CBDE734D4B}.Release|Any CPU.Build.0 = Release|Any CPU
		{A5D6FB63-1556-400D-A5DD-7D26E1A81FE6}.Debug|Any CPU.ActiveCfg = Debug|Any CPU
		{A5D6FB63-1556-400D-A5DD-7D26E1A81FE6}.Debug|Any CPU.Build.0 = Debug|Any CPU
		{A5D6FB63-1556-400D-A5DD-7D26E1A81FE6}.Release|Any CPU.ActiveCfg = Release|Any CPU
		{A5D6FB63-1556-400D-A5DD-7D26E1A81FE6}.Release|Any CPU.Build.0 = Release|Any CPU
		{E8E61E7D-644C-4DCC-B79A-70ABE6F16DCA}.Debug|Any CPU.ActiveCfg = Debug|Any CPU
		{E8E61E7D-644C-4DCC-B79A-70ABE6F16DCA}.Debug|Any CPU.Build.0 = Debug|Any CPU
		{E8E61E7D-644C-4DCC-B79A-70ABE6F16DCA}.Release|Any CPU.ActiveCfg = Release|Any CPU
		{E8E61E7D-644C-4DCC-B79A-70ABE6F16DCA}.Release|Any CPU.Build.0 = Release|Any CPU
		{18F4232A-44A6-4CB2-A8F2-B85FFCA520F8}.Debug|Any CPU.ActiveCfg = Debug|Any CPU
		{18F4232A-44A6-4CB2-A8F2-B85FFCA520F8}.Debug|Any CPU.Build.0 = Debug|Any CPU
		{18F4232A-44A6-4CB2-A8F2-B85FFCA520F8}.Release|Any CPU.ActiveCfg = Release|Any CPU
		{18F4232A-44A6-4CB2-A8F2-B85FFCA520F8}.Release|Any CPU.Build.0 = Release|Any CPU
	EndGlobalSection
	GlobalSection(SolutionProperties) = preSolution
		HideSolutionNode = FALSE
	EndGlobalSection
	GlobalSection(NestedProjects) = preSolution
		{CC5980E1-0A62-4B1C-9336-5A722DE8C05E} = {6A01A84B-8DB4-4E68-9EA6-B2CF4424FF54}
		{AF9BE706-6292-4090-9869-EB9FD5E0A666} = {6A01A84B-8DB4-4E68-9EA6-B2CF4424FF54}
		{75AD5C46-D040-4D0B-B477-D09B32A7419A} = {6A01A84B-8DB4-4E68-9EA6-B2CF4424FF54}
		{6133E662-6EE7-447F-90C7-C3A25BFBCA28} = {75AD5C46-D040-4D0B-B477-D09B32A7419A}
		{B5CB41CA-AFE0-43B7-8B82-D2CBDE734D4B} = {75AD5C46-D040-4D0B-B477-D09B32A7419A}
		{A5D6FB63-1556-400D-A5DD-7D26E1A81FE6} = {AF9BE706-6292-4090-9869-EB9FD5E0A666}
		{E8E61E7D-644C-4DCC-B79A-70ABE6F16DCA} = {AF9BE706-6292-4090-9869-EB9FD5E0A666}
		{18F4232A-44A6-4CB2-A8F2-B85FFCA520F8} = {CC5980E1-0A62-4B1C-9336-5A722DE8C05E}
	EndGlobalSection
	GlobalSection(ExtensibilityGlobals) = postSolution
		SolutionGuid = {D3DD2756-04A0-4E66-945F-A0F7438D6C09}
	EndGlobalSection
EndGlobal
